// !$*UTF8*$!
{
	archiveVersion = 1;
	classes = {
	};
	objectVersion = 50;
	objects = {

/* Begin PBXBuildFile section */
		03D54DE32090580100C6C332 /* AppDelegate.swift in Sources */ = {isa = PBXBuildFile; fileRef = 03D54DE22090580100C6C332 /* AppDelegate.swift */; };
		03D54DE52090580100C6C332 /* ViewController.swift in Sources */ = {isa = PBXBuildFile; fileRef = 03D54DE42090580100C6C332 /* ViewController.swift */; };
		03D54DE82090580100C6C332 /* Main.storyboard in Resources */ = {isa = PBXBuildFile; fileRef = 03D54DE62090580100C6C332 /* Main.storyboard */; };
		03D54DEA2090580400C6C332 /* Assets.xcassets in Resources */ = {isa = PBXBuildFile; fileRef = 03D54DE92090580400C6C332 /* Assets.xcassets */; };
		03D54DED2090580400C6C332 /* LaunchScreen.storyboard in Resources */ = {isa = PBXBuildFile; fileRef = 03D54DEB2090580400C6C332 /* LaunchScreen.storyboard */; };
		03D54DF82090580400C6C332 /* Mobisem_CustomerFeedbackTests.swift in Sources */ = {isa = PBXBuildFile; fileRef = 03D54DF72090580400C6C332 /* Mobisem_CustomerFeedbackTests.swift */; };
		03D54E032090580400C6C332 /* Mobisem_CustomerFeedbackUITests.swift in Sources */ = {isa = PBXBuildFile; fileRef = 03D54E022090580400C6C332 /* Mobisem_CustomerFeedbackUITests.swift */; };
/* End PBXBuildFile section */

/* Begin PBXContainerItemProxy section */
		03D54DF42090580400C6C332 /* PBXContainerItemProxy */ = {
			isa = PBXContainerItemProxy;
			containerPortal = 03D54DD72090580100C6C332 /* Project object */;
			proxyType = 1;
			remoteGlobalIDString = 03D54DDE2090580100C6C332;
			remoteInfo = "Mobisem-CustomerFeedback";
		};
		03D54DFF2090580400C6C332 /* PBXContainerItemProxy */ = {
			isa = PBXContainerItemProxy;
			containerPortal = 03D54DD72090580100C6C332 /* Project object */;
			proxyType = 1;
			remoteGlobalIDString = 03D54DDE2090580100C6C332;
			remoteInfo = "Mobisem-CustomerFeedback";
		};
/* End PBXContainerItemProxy section */

/* Begin PBXFileReference section */
		03D54DDF2090580100C6C332 /* Mobisem-CustomerFeedback.app */ = {isa = PBXFileReference; explicitFileType = wrapper.application; includeInIndex = 0; path = "Mobisem-CustomerFeedback.app"; sourceTree = BUILT_PRODUCTS_DIR; };
		03D54DE22090580100C6C332 /* AppDelegate.swift */ = {isa = PBXFileReference; lastKnownFileType = sourcecode.swift; path = AppDelegate.swift; sourceTree = "<group>"; };
		03D54DE42090580100C6C332 /* ViewController.swift */ = {isa = PBXFileReference; lastKnownFileType = sourcecode.swift; path = ViewController.swift; sourceTree = "<group>"; };
		03D54DE72090580100C6C332 /* Base */ = {isa = PBXFileReference; lastKnownFileType = file.storyboard; name = Base; path = Base.lproj/Main.storyboard; sourceTree = "<group>"; };
		03D54DE92090580400C6C332 /* Assets.xcassets */ = {isa = PBXFileReference; lastKnownFileType = folder.assetcatalog; path = Assets.xcassets; sourceTree = "<group>"; };
		03D54DEC2090580400C6C332 /* Base */ = {isa = PBXFileReference; lastKnownFileType = file.storyboard; name = Base; path = Base.lproj/LaunchScreen.storyboard; sourceTree = "<group>"; };
		03D54DEE2090580400C6C332 /* Info.plist */ = {isa = PBXFileReference; lastKnownFileType = text.plist.xml; path = Info.plist; sourceTree = "<group>"; };
		03D54DF32090580400C6C332 /* Mobisem-CustomerFeedbackTests.xctest */ = {isa = PBXFileReference; explicitFileType = wrapper.cfbundle; includeInIndex = 0; path = "Mobisem-CustomerFeedbackTests.xctest"; sourceTree = BUILT_PRODUCTS_DIR; };
		03D54DF72090580400C6C332 /* Mobisem_CustomerFeedbackTests.swift */ = {isa = PBXFileReference; lastKnownFileType = sourcecode.swift; path = Mobisem_CustomerFeedbackTests.swift; sourceTree = "<group>"; };
		03D54DF92090580400C6C332 /* Info.plist */ = {isa = PBXFileReference; lastKnownFileType = text.plist.xml; path = Info.plist; sourceTree = "<group>"; };
		03D54DFE2090580400C6C332 /* Mobisem-CustomerFeedbackUITests.xctest */ = {isa = PBXFileReference; explicitFileType = wrapper.cfbundle; includeInIndex = 0; path = "Mobisem-CustomerFeedbackUITests.xctest"; sourceTree = BUILT_PRODUCTS_DIR; };
		03D54E022090580400C6C332 /* Mobisem_CustomerFeedbackUITests.swift */ = {isa = PBXFileReference; lastKnownFileType = sourcecode.swift; path = Mobisem_CustomerFeedbackUITests.swift; sourceTree = "<group>"; };
		03D54E042090580400C6C332 /* Info.plist */ = {isa = PBXFileReference; lastKnownFileType = text.plist.xml; path = Info.plist; sourceTree = "<group>"; };
/* End PBXFileReference section */

/* Begin PBXFrameworksBuildPhase section */
		03D54DDC2090580100C6C332 /* Frameworks */ = {
			isa = PBXFrameworksBuildPhase;
			buildActionMask = 2147483647;
			files = (
			);
			runOnlyForDeploymentPostprocessing = 0;
		};
		03D54DF02090580400C6C332 /* Frameworks */ = {
			isa = PBXFrameworksBuildPhase;
			buildActionMask = 2147483647;
			files = (
			);
			runOnlyForDeploymentPostprocessing = 0;
		};
		03D54DFB2090580400C6C332 /* Frameworks */ = {
			isa = PBXFrameworksBuildPhase;
			buildActionMask = 2147483647;
			files = (
			);
			runOnlyForDeploymentPostprocessing = 0;
		};
/* End PBXFrameworksBuildPhase section */

/* Begin PBXGroup section */
		03D54DD62090580100C6C332 = {
			isa = PBXGroup;
			children = (
				03D54DE12090580100C6C332 /* Mobisem-CustomerFeedback */,
				03D54DF62090580400C6C332 /* Mobisem-CustomerFeedbackTests */,
				03D54E012090580400C6C332 /* Mobisem-CustomerFeedbackUITests */,
				03D54DE02090580100C6C332 /* Products */,
			);
			sourceTree = "<group>";
		};
		03D54DE02090580100C6C332 /* Products */ = {
			isa = PBXGroup;
			children = (
				03D54DDF2090580100C6C332 /* Mobisem-CustomerFeedback.app */,
				03D54DF32090580400C6C332 /* Mobisem-CustomerFeedbackTests.xctest */,
				03D54DFE2090580400C6C332 /* Mobisem-CustomerFeedbackUITests.xctest */,
			);
			name = Products;
			sourceTree = "<group>";
		};
		03D54DE12090580100C6C332 /* Mobisem-CustomerFeedback */ = {
			isa = PBXGroup;
			children = (
				03D54DE22090580100C6C332 /* AppDelegate.swift */,
				03D54DE42090580100C6C332 /* ViewController.swift */,
				03D54DE62090580100C6C332 /* Main.storyboard */,
				03D54DE92090580400C6C332 /* Assets.xcassets */,
				03D54DEB2090580400C6C332 /* LaunchScreen.storyboard */,
				03D54DEE2090580400C6C332 /* Info.plist */,
			);
			path = "Mobisem-CustomerFeedback";
			sourceTree = "<group>";
		};
		03D54DF62090580400C6C332 /* Mobisem-CustomerFeedbackTests */ = {
			isa = PBXGroup;
			children = (
				03D54DF72090580400C6C332 /* Mobisem_CustomerFeedbackTests.swift */,
				03D54DF92090580400C6C332 /* Info.plist */,
			);
			path = "Mobisem-CustomerFeedbackTests";
			sourceTree = "<group>";
		};
		03D54E012090580400C6C332 /* Mobisem-CustomerFeedbackUITests */ = {
			isa = PBXGroup;
			children = (
				03D54E022090580400C6C332 /* Mobisem_CustomerFeedbackUITests.swift */,
				03D54E042090580400C6C332 /* Info.plist */,
			);
			path = "Mobisem-CustomerFeedbackUITests";
			sourceTree = "<group>";
		};
/* End PBXGroup section */

/* Begin PBXNativeTarget section */
		03D54DDE2090580100C6C332 /* Mobisem-CustomerFeedback */ = {
			isa = PBXNativeTarget;
			buildConfigurationList = 03D54E072090580400C6C332 /* Build configuration list for PBXNativeTarget "Mobisem-CustomerFeedback" */;
			buildPhases = (
				03D54DDB2090580100C6C332 /* Sources */,
				03D54DDC2090580100C6C332 /* Frameworks */,
				03D54DDD2090580100C6C332 /* Resources */,
			);
			buildRules = (
			);
			dependencies = (
			);
			name = "Mobisem-CustomerFeedback";
			productName = "Mobisem-CustomerFeedback";
			productReference = 03D54DDF2090580100C6C332 /* Mobisem-CustomerFeedback.app */;
			productType = "com.apple.product-type.application";
		};
		03D54DF22090580400C6C332 /* Mobisem-CustomerFeedbackTests */ = {
			isa = PBXNativeTarget;
			buildConfigurationList = 03D54E0A2090580400C6C332 /* Build configuration list for PBXNativeTarget "Mobisem-CustomerFeedbackTests" */;
			buildPhases = (
				03D54DEF2090580400C6C332 /* Sources */,
				03D54DF02090580400C6C332 /* Frameworks */,
				03D54DF12090580400C6C332 /* Resources */,
			);
			buildRules = (
			);
			dependencies = (
				03D54DF52090580400C6C332 /* PBXTargetDependency */,
			);
			name = "Mobisem-CustomerFeedbackTests";
			productName = "Mobisem-CustomerFeedbackTests";
			productReference = 03D54DF32090580400C6C332 /* Mobisem-CustomerFeedbackTests.xctest */;
			productType = "com.apple.product-type.bundle.unit-test";
		};
		03D54DFD2090580400C6C332 /* Mobisem-CustomerFeedbackUITests */ = {
			isa = PBXNativeTarget;
			buildConfigurationList = 03D54E0D2090580400C6C332 /* Build configuration list for PBXNativeTarget "Mobisem-CustomerFeedbackUITests" */;
			buildPhases = (
				03D54DFA2090580400C6C332 /* Sources */,
				03D54DFB2090580400C6C332 /* Frameworks */,
				03D54DFC2090580400C6C332 /* Resources */,
			);
			buildRules = (
			);
			dependencies = (
				03D54E002090580400C6C332 /* PBXTargetDependency */,
			);
			name = "Mobisem-CustomerFeedbackUITests";
			productName = "Mobisem-CustomerFeedbackUITests";
			productReference = 03D54DFE2090580400C6C332 /* Mobisem-CustomerFeedbackUITests.xctest */;
			productType = "com.apple.product-type.bundle.ui-testing";
		};
/* End PBXNativeTarget section */

/* Begin PBXProject section */
		03D54DD72090580100C6C332 /* Project object */ = {
			isa = PBXProject;
			attributes = {
				LastSwiftUpdateCheck = 0930;
				LastUpgradeCheck = 0930;
				ORGANIZATIONNAME = mkolcalar;
				TargetAttributes = {
					03D54DDE2090580100C6C332 = {
						CreatedOnToolsVersion = 9.3;
					};
					03D54DF22090580400C6C332 = {
						CreatedOnToolsVersion = 9.3;
						TestTargetID = 03D54DDE2090580100C6C332;
					};
					03D54DFD2090580400C6C332 = {
						CreatedOnToolsVersion = 9.3;
						TestTargetID = 03D54DDE2090580100C6C332;
					};
				};
			};
			buildConfigurationList = 03D54DDA2090580100C6C332 /* Build configuration list for PBXProject "Mobisem-CustomerFeedback" */;
			compatibilityVersion = "Xcode 9.3";
			developmentRegion = en;
			hasScannedForEncodings = 0;
			knownRegions = (
				en,
				Base,
			);
			mainGroup = 03D54DD62090580100C6C332;
			productRefGroup = 03D54DE02090580100C6C332 /* Products */;
			projectDirPath = "";
			projectRoot = "";
			targets = (
				03D54DDE2090580100C6C332 /* Mobisem-CustomerFeedback */,
				03D54DF22090580400C6C332 /* Mobisem-CustomerFeedbackTests */,
				03D54DFD2090580400C6C332 /* Mobisem-CustomerFeedbackUITests */,
			);
		};
/* End PBXProject section */

/* Begin PBXResourcesBuildPhase section */
		03D54DDD2090580100C6C332 /* Resources */ = {
			isa = PBXResourcesBuildPhase;
			buildActionMask = 2147483647;
			files = (
				03D54DED2090580400C6C332 /* LaunchScreen.storyboard in Resources */,
				03D54DEA2090580400C6C332 /* Assets.xcassets in Resources */,
				03D54DE82090580100C6C332 /* Main.storyboard in Resources */,
			);
			runOnlyForDeploymentPostprocessing = 0;
		};
		03D54DF12090580400C6C332 /* Resources */ = {
			isa = PBXResourcesBuildPhase;
			buildActionMask = 2147483647;
			files = (
			);
			runOnlyForDeploymentPostprocessing = 0;
		};
		03D54DFC2090580400C6C332 /* Resources */ = {
			isa = PBXResourcesBuildPhase;
			buildActionMask = 2147483647;
			files = (
			);
			runOnlyForDeploymentPostprocessing = 0;
		};
/* End PBXResourcesBuildPhase section */

/* Begin PBXSourcesBuildPhase section */
		03D54DDB2090580100C6C332 /* Sources */ = {
			isa = PBXSourcesBuildPhase;
			buildActionMask = 2147483647;
			files = (
				03D54DE52090580100C6C332 /* ViewController.swift in Sources */,
				03D54DE32090580100C6C332 /* AppDelegate.swift in Sources */,
			);
			runOnlyForDeploymentPostprocessing = 0;
		};
		03D54DEF2090580400C6C332 /* Sources */ = {
			isa = PBXSourcesBuildPhase;
			buildActionMask = 2147483647;
			files = (
				03D54DF82090580400C6C332 /* Mobisem_CustomerFeedbackTests.swift in Sources */,
			);
			runOnlyForDeploymentPostprocessing = 0;
		};
		03D54DFA2090580400C6C332 /* Sources */ = {
			isa = PBXSourcesBuildPhase;
			buildActionMask = 2147483647;
			files = (
				03D54E032090580400C6C332 /* Mobisem_CustomerFeedbackUITests.swift in Sources */,
			);
			runOnlyForDeploymentPostprocessing = 0;
		};
/* End PBXSourcesBuildPhase section */

/* Begin PBXTargetDependency section */
		03D54DF52090580400C6C332 /* PBXTargetDependency */ = {
			isa = PBXTargetDependency;
			target = 03D54DDE2090580100C6C332 /* Mobisem-CustomerFeedback */;
			targetProxy = 03D54DF42090580400C6C332 /* PBXContainerItemProxy */;
		};
		03D54E002090580400C6C332 /* PBXTargetDependency */ = {
			isa = PBXTargetDependency;
			target = 03D54DDE2090580100C6C332 /* Mobisem-CustomerFeedback */;
			targetProxy = 03D54DFF2090580400C6C332 /* PBXContainerItemProxy */;
		};
/* End PBXTargetDependency section */

/* Begin PBXVariantGroup section */
		03D54DE62090580100C6C332 /* Main.storyboard */ = {
			isa = PBXVariantGroup;
			children = (
				03D54DE72090580100C6C332 /* Base */,
			);
			name = Main.storyboard;
			sourceTree = "<group>";
		};
		03D54DEB2090580400C6C332 /* LaunchScreen.storyboard */ = {
			isa = PBXVariantGroup;
			children = (
				03D54DEC2090580400C6C332 /* Base */,
			);
			name = LaunchScreen.storyboard;
			sourceTree = "<group>";
		};
/* End PBXVariantGroup section */

/* Begin XCBuildConfiguration section */
		03D54E052090580400C6C332 /* Debug */ = {
			isa = XCBuildConfiguration;
			buildSettings = {
				ALWAYS_SEARCH_USER_PATHS = NO;
				CLANG_ANALYZER_NONNULL = YES;
				CLANG_ANALYZER_NUMBER_OBJECT_CONVERSION = YES_AGGRESSIVE;
				CLANG_CXX_LANGUAGE_STANDARD = "gnu++14";
				CLANG_CXX_LIBRARY = "libc++";
				CLANG_ENABLE_MODULES = YES;
				CLANG_ENABLE_OBJC_ARC = YES;
				CLANG_ENABLE_OBJC_WEAK = YES;
				CLANG_WARN_BLOCK_CAPTURE_AUTORELEASING = YES;
				CLANG_WARN_BOOL_CONVERSION = YES;
				CLANG_WARN_COMMA = YES;
				CLANG_WARN_CONSTANT_CONVERSION = YES;
				CLANG_WARN_DEPRECATED_OBJC_IMPLEMENTATIONS = YES;
				CLANG_WARN_DIRECT_OBJC_ISA_USAGE = YES_ERROR;
				CLANG_WARN_DOCUMENTATION_COMMENTS = YES;
				CLANG_WARN_EMPTY_BODY = YES;
				CLANG_WARN_ENUM_CONVERSION = YES;
				CLANG_WARN_INFINITE_RECURSION = YES;
				CLANG_WARN_INT_CONVERSION = YES;
				CLANG_WARN_NON_LITERAL_NULL_CONVERSION = YES;
				CLANG_WARN_OBJC_IMPLICIT_RETAIN_SELF = YES;
				CLANG_WARN_OBJC_LITERAL_CONVERSION = YES;
				CLANG_WARN_OBJC_ROOT_CLASS = YES_ERROR;
				CLANG_WARN_RANGE_LOOP_ANALYSIS = YES;
				CLANG_WARN_STRICT_PROTOTYPES = YES;
				CLANG_WARN_SUSPICIOUS_MOVE = YES;
				CLANG_WARN_UNGUARDED_AVAILABILITY = YES_AGGRESSIVE;
				CLANG_WARN_UNREACHABLE_CODE = YES;
				CLANG_WARN__DUPLICATE_METHOD_MATCH = YES;
				CODE_SIGN_IDENTITY = "iPhone Developer";
				COPY_PHASE_STRIP = NO;
				DEBUG_INFORMATION_FORMAT = dwarf;
				ENABLE_STRICT_OBJC_MSGSEND = YES;
				ENABLE_TESTABILITY = YES;
				GCC_C_LANGUAGE_STANDARD = gnu11;
				GCC_DYNAMIC_NO_PIC = NO;
				GCC_NO_COMMON_BLOCKS = YES;
				GCC_OPTIMIZATION_LEVEL = 0;
				GCC_PREPROCESSOR_DEFINITIONS = (
					"DEBUG=1",
					"$(inherited)",
				);
				GCC_WARN_64_TO_32_BIT_CONVERSION = YES;
				GCC_WARN_ABOUT_RETURN_TYPE = YES_ERROR;
				GCC_WARN_UNDECLARED_SELECTOR = YES;
				GCC_WARN_UNINITIALIZED_AUTOS = YES_AGGRESSIVE;
				GCC_WARN_UNUSED_FUNCTION = YES;
				GCC_WARN_UNUSED_VARIABLE = YES;
				IPHONEOS_DEPLOYMENT_TARGET = 11.3;
				MTL_ENABLE_DEBUG_INFO = YES;
				ONLY_ACTIVE_ARCH = YES;
				SDKROOT = iphoneos;
				SWIFT_ACTIVE_COMPILATION_CONDITIONS = DEBUG;
				SWIFT_OPTIMIZATION_LEVEL = "-Onone";
			};
			name = Debug;
		};
		03D54E062090580400C6C332 /* Release */ = {
			isa = XCBuildConfiguration;
			buildSettings = {
				ALWAYS_SEARCH_USER_PATHS = NO;
				CLANG_ANALYZER_NONNULL = YES;
				CLANG_ANALYZER_NUMBER_OBJECT_CONVERSION = YES_AGGRESSIVE;
				CLANG_CXX_LANGUAGE_STANDARD = "gnu++14";
				CLANG_CXX_LIBRARY = "libc++";
				CLANG_ENABLE_MODULES = YES;
				CLANG_ENABLE_OBJC_ARC = YES;
				CLANG_ENABLE_OBJC_WEAK = YES;
				CLANG_WARN_BLOCK_CAPTURE_AUTORELEASING = YES;
				CLANG_WARN_BOOL_CONVERSION = YES;
				CLANG_WARN_COMMA = YES;
				CLANG_WARN_CONSTANT_CONVERSION = YES;
				CLANG_WARN_DEPRECATED_OBJC_IMPLEMENTATIONS = YES;
				CLANG_WARN_DIRECT_OBJC_ISA_USAGE = YES_ERROR;
				CLANG_WARN_DOCUMENTATION_COMMENTS = YES;
				CLANG_WARN_EMPTY_BODY = YES;
				CLANG_WARN_ENUM_CONVERSION = YES;
				CLANG_WARN_INFINITE_RECURSION = YES;
				CLANG_WARN_INT_CONVERSION = YES;
				CLANG_WARN_NON_LITERAL_NULL_CONVERSION = YES;
				CLANG_WARN_OBJC_IMPLICIT_RETAIN_SELF = YES;
				CLANG_WARN_OBJC_LITERAL_CONVERSION = YES;
				CLANG_WARN_OBJC_ROOT_CLASS = YES_ERROR;
				CLANG_WARN_RANGE_LOOP_ANALYSIS = YES;
				CLANG_WARN_STRICT_PROTOTYPES = YES;
				CLANG_WARN_SUSPICIOUS_MOVE = YES;
				CLANG_WARN_UNGUARDED_AVAILABILITY = YES_AGGRESSIVE;
				CLANG_WARN_UNREACHABLE_CODE = YES;
				CLANG_WARN__DUPLICATE_METHOD_MATCH = YES;
				CODE_SIGN_IDENTITY = "iPhone Developer";
				COPY_PHASE_STRIP = NO;
				DEBUG_INFORMATION_FORMAT = "dwarf-with-dsym";
				ENABLE_NS_ASSERTIONS = NO;
				ENABLE_STRICT_OBJC_MSGSEND = YES;
				GCC_C_LANGUAGE_STANDARD = gnu11;
				GCC_NO_COMMON_BLOCKS = YES;
				GCC_WARN_64_TO_32_BIT_CONVERSION = YES;
				GCC_WARN_ABOUT_RETURN_TYPE = YES_ERROR;
				GCC_WARN_UNDECLARED_SELECTOR = YES;
				GCC_WARN_UNINITIALIZED_AUTOS = YES_AGGRESSIVE;
				GCC_WARN_UNUSED_FUNCTION = YES;
				GCC_WARN_UNUSED_VARIABLE = YES;
				IPHONEOS_DEPLOYMENT_TARGET = 11.3;
				MTL_ENABLE_DEBUG_INFO = NO;
				SDKROOT = iphoneos;
				SWIFT_COMPILATION_MODE = wholemodule;
				SWIFT_OPTIMIZATION_LEVEL = "-O";
				VALIDATE_PRODUCT = YES;
			};
			name = Release;
		};
		03D54E082090580400C6C332 /* Debug */ = {
			isa = XCBuildConfiguration;
			buildSettings = {
				ASSETCATALOG_COMPILER_APPICON_NAME = AppIcon;
				CODE_SIGN_STYLE = Automatic;
				INFOPLIST_FILE = "Mobisem-CustomerFeedback/Info.plist";
				LD_RUNPATH_SEARCH_PATHS = (
					"$(inherited)",
					"@executable_path/Frameworks",
				);
				PRODUCT_BUNDLE_IDENTIFIER = "Mobisem.Mobisem-CustomerFeedback";
				PRODUCT_NAME = "$(TARGET_NAME)";
				SWIFT_VERSION = 4.0;
				TARGETED_DEVICE_FAMILY = "1,2";
			};
			name = Debug;
		};
		03D54E092090580400C6C332 /* Release */ = {
			isa = XCBuildConfiguration;
			buildSettings = {
				ASSETCATALOG_COMPILER_APPICON_NAME = AppIcon;
				CODE_SIGN_STYLE = Automatic;
				INFOPLIST_FILE = "Mobisem-CustomerFeedback/Info.plist";
				LD_RUNPATH_SEARCH_PATHS = (
					"$(inherited)",
					"@executable_path/Frameworks",
				);
				PRODUCT_BUNDLE_IDENTIFIER = "Mobisem.Mobisem-CustomerFeedback";
				PRODUCT_NAME = "$(TARGET_NAME)";
				SWIFT_VERSION = 4.0;
				TARGETED_DEVICE_FAMILY = "1,2";
			};
			name = Release;
		};
		03D54E0B2090580400C6C332 /* Debug */ = {
			isa = XCBuildConfiguration;
			buildSettings = {
				ALWAYS_EMBED_SWIFT_STANDARD_LIBRARIES = YES;
				BUNDLE_LOADER = "$(TEST_HOST)";
				CODE_SIGN_STYLE = Automatic;
				INFOPLIST_FILE = "Mobisem-CustomerFeedbackTests/Info.plist";
				LD_RUNPATH_SEARCH_PATHS = (
					"$(inherited)",
					"@executable_path/Frameworks",
					"@loader_path/Frameworks",
				);
				PRODUCT_BUNDLE_IDENTIFIER = "Mobisem.Mobisem-CustomerFeedbackTests";
				PRODUCT_NAME = "$(TARGET_NAME)";
				SWIFT_VERSION = 4.0;
				TARGETED_DEVICE_FAMILY = "1,2";
				TEST_HOST = "$(BUILT_PRODUCTS_DIR)/Mobisem-CustomerFeedback.app/Mobisem-CustomerFeedback";
			};
			name = Debug;
		};
		03D54E0C2090580400C6C332 /* Release */ = {
			isa = XCBuildConfiguration;
			buildSettings = {
				ALWAYS_EMBED_SWIFT_STANDARD_LIBRARIES = YES;
				BUNDLE_LOADER = "$(TEST_HOST)";
				CODE_SIGN_STYLE = Automatic;
				INFOPLIST_FILE = "Mobisem-CustomerFeedbackTests/Info.plist";
				LD_RUNPATH_SEARCH_PATHS = (
					"$(inherited)",
					"@executable_path/Frameworks",
					"@loader_path/Frameworks",
				);
				PRODUCT_BUNDLE_IDENTIFIER = "Mobisem.Mobisem-CustomerFeedbackTests";
				PRODUCT_NAME = "$(TARGET_NAME)";
				SWIFT_VERSION = 4.0;
				TARGETED_DEVICE_FAMILY = "1,2";
				TEST_HOST = "$(BUILT_PRODUCTS_DIR)/Mobisem-CustomerFeedback.app/Mobisem-CustomerFeedback";
			};
			name = Release;
		};
		03D54E0E2090580400C6C332 /* Debug */ = {
			isa = XCBuildConfiguration;
			buildSettings = {
				ALWAYS_EMBED_SWIFT_STANDARD_LIBRARIES = YES;
				CODE_SIGN_STYLE = Automatic;
				INFOPLIST_FILE = "Mobisem-CustomerFeedbackUITests/Info.plist";
				LD_RUNPATH_SEARCH_PATHS = (
					"$(inherited)",
					"@executable_path/Frameworks",
					"@loader_path/Frameworks",
				);
				PRODUCT_BUNDLE_IDENTIFIER = "Mobisem.Mobisem-CustomerFeedbackUITests";
				PRODUCT_NAME = "$(TARGET_NAME)";
				SWIFT_VERSION = 4.0;
				TARGETED_DEVICE_FAMILY = "1,2";
				TEST_TARGET_NAME = "Mobisem-CustomerFeedback";
			};
			name = Debug;
		};
		03D54E0F2090580400C6C332 /* Release */ = {
			isa = XCBuildConfiguration;
			buildSettings = {
				ALWAYS_EMBED_SWIFT_STANDARD_LIBRARIES = YES;
				CODE_SIGN_STYLE = Automatic;
				INFOPLIST_FILE = "Mobisem-CustomerFeedbackUITests/Info.plist";
				LD_RUNPATH_SEARCH_PATHS = (
					"$(inherited)",
					"@executable_path/Frameworks",
					"@loader_path/Frameworks",
				);
				PRODUCT_BUNDLE_IDENTIFIER = "Mobisem.Mobisem-CustomerFeedbackUITests";
				PRODUCT_NAME = "$(TARGET_NAME)";
				SWIFT_VERSION = 4.0;
				TARGETED_DEVICE_FAMILY = "1,2";
				TEST_TARGET_NAME = "Mobisem-CustomerFeedback";
			};
			name = Release;
		};
/* End XCBuildConfiguration section */

/* Begin XCConfigurationList section */
		03D54DDA2090580100C6C332 /* Build configuration list for PBXProject "Mobisem-CustomerFeedback" */ = {
			isa = XCConfigurationList;
			buildConfigurations = (
				03D54E052090580400C6C332 /* Debug */,
				03D54E062090580400C6C332 /* Release */,
			);
			defaultConfigurationIsVisible = 0;
			defaultConfigurationName = Release;
		};
		03D54E072090580400C6C332 /* Build configuration list for PBXNativeTarget "Mobisem-CustomerFeedback" */ = {
			isa = XCConfigurationList;
			buildConfigurations = (
				03D54E082090580400C6C332 /* Debug */,
				03D54E092090580400C6C332 /* Release */,
			);
			defaultConfigurationIsVisible = 0;
			defaultConfigurationName = Release;
		};
		03D54E0A2090580400C6C332 /* Build configuration list for PBXNativeTarget "Mobisem-CustomerFeedbackTests" */ = {
			isa = XCConfigurationList;
			buildConfigurations = (
				03D54E0B2090580400C6C332 /* Debug */,
				03D54E0C2090580400C6C332 /* Release */,
			);
			defaultConfigurationIsVisible = 0;
			defaultConfigurationName = Release;
		};
		03D54E0D2090580400C6C332 /* Build configuration list for PBXNativeTarget "Mobisem-CustomerFeedbackUITests" */ = {
			isa = XCConfigurationList;
			buildConfigurations = (
				03D54E0E2090580400C6C332 /* Debug */,
				03D54E0F2090580400C6C332 /* Release */,
			);
			defaultConfigurationIsVisible = 0;
			defaultConfigurationName = Release;
		};
/* End XCConfigurationList section */
	};
	rootObject = 03D54DD72090580100C6C332 /* Project object */;
}
