// !$*UTF8*$!
{
	archiveVersion = 1;
	classes = {
	};
	objectVersion = 50;
	objects = {

/* Begin PBXBuildFile section */
		036E6AC320906A41005AC949 /* smileyswitch-lighter.json in Resources */ = {isa = PBXBuildFile; fileRef = 036E6AC220906A41005AC949 /* smileyswitch-lighter.json */; };
		03D54DE32090580100C6C332 /* AppDelegate.swift in Sources */ = {isa = PBXBuildFile; fileRef = 03D54DE22090580100C6C332 /* AppDelegate.swift */; };
		03D54DE52090580100C6C332 /* ViewController.swift in Sources */ = {isa = PBXBuildFile; fileRef = 03D54DE42090580100C6C332 /* ViewController.swift */; };
		03D54DE82090580100C6C332 /* Main.storyboard in Resources */ = {isa = PBXBuildFile; fileRef = 03D54DE62090580100C6C332 /* Main.storyboard */; };
		03D54DEA2090580400C6C332 /* Assets.xcassets in Resources */ = {isa = PBXBuildFile; fileRef = 03D54DE92090580400C6C332 /* Assets.xcassets */; };
		03D54DED2090580400C6C332 /* LaunchScreen.storyboard in Resources */ = {isa = PBXBuildFile; fileRef = 03D54DEB2090580400C6C332 /* LaunchScreen.storyboard */; };
		03D54DF82090580400C6C332 /* Mobisem_CustomerFeedbackTests.swift in Sources */ = {isa = PBXBuildFile; fileRef = 03D54DF72090580400C6C332 /* Mobisem_CustomerFeedbackTests.swift */; };
		03D54E032090580400C6C332 /* Mobisem_CustomerFeedbackUITests.swift in Sources */ = {isa = PBXBuildFile; fileRef = 03D54E022090580400C6C332 /* Mobisem_CustomerFeedbackUITests.swift */; };
		03D54E1120905D4600C6C332 /* smileyswitch.json in Resources */ = {isa = PBXBuildFile; fileRef = 03D54E1020905D4600C6C332 /* smileyswitch.json */; };
		64582736A2CED8B80BC69AE0 /* Pods_Mobisem_CustomerFeedback.framework in Frameworks */ = {isa = PBXBuildFile; fileRef = 8AB54A81E54369A48DA97A1E /* Pods_Mobisem_CustomerFeedback.framework */; };
		9E405D197ECDF8CF86A1F2B2 /* Pods_Mobisem_CustomerFeedbackTests.framework in Frameworks */ = {isa = PBXBuildFile; fileRef = 1EAED6EB182E3BDEE989AE47 /* Pods_Mobisem_CustomerFeedbackTests.framework */; };
		F48814FB66C72A43A8DFF26F /* Pods_Mobisem_CustomerFeedbackUITests.framework in Frameworks */ = {isa = PBXBuildFile; fileRef = 4552206FADC521132E903D3D /* Pods_Mobisem_CustomerFeedbackUITests.framework */; };
/* End PBXBuildFile section */

/* Begin PBXContainerItemProxy section */
		03D54DF42090580400C6C332 /* PBXContainerItemProxy */ = {
			isa = PBXContainerItemProxy;
			containerPortal = 03D54DD72090580100C6C332 /* Project object */;
			proxyType = 1;
			remoteGlobalIDString = 03D54DDE2090580100C6C332;
			remoteInfo = "Mobisem-CustomerFeedback";
		};
		03D54DFF2090580400C6C332 /* PBXContainerItemProxy */ = {
			isa = PBXContainerItemProxy;
			containerPortal = 03D54DD72090580100C6C332 /* Project object */;
			proxyType = 1;
			remoteGlobalIDString = 03D54DDE2090580100C6C332;
			remoteInfo = "Mobisem-CustomerFeedback";
		};
/* End PBXContainerItemProxy section */

/* Begin PBXFileReference section */
		036E6AC220906A41005AC949 /* smileyswitch-lighter.json */ = {isa = PBXFileReference; fileEncoding = 4; lastKnownFileType = text.json; path = "smileyswitch-lighter.json"; sourceTree = SOURCE_ROOT; };
		03D54DDF2090580100C6C332 /* Mobisem-CustomerFeedback.app */ = {isa = PBXFileReference; explicitFileType = wrapper.application; includeInIndex = 0; path = "Mobisem-CustomerFeedback.app"; sourceTree = BUILT_PRODUCTS_DIR; };
		03D54DE22090580100C6C332 /* AppDelegate.swift */ = {isa = PBXFileReference; lastKnownFileType = sourcecode.swift; path = AppDelegate.swift; sourceTree = "<group>"; };
		03D54DE42090580100C6C332 /* ViewController.swift */ = {isa = PBXFileReference; lastKnownFileType = sourcecode.swift; path = ViewController.swift; sourceTree = "<group>"; };
		03D54DE72090580100C6C332 /* Base */ = {isa = PBXFileReference; lastKnownFileType = file.storyboard; name = Base; path = Base.lproj/Main.storyboard; sourceTree = "<group>"; };
		03D54DE92090580400C6C332 /* Assets.xcassets */ = {isa = PBXFileReference; lastKnownFileType = folder.assetcatalog; path = Assets.xcassets; sourceTree = "<group>"; };
		03D54DEC2090580400C6C332 /* Base */ = {isa = PBXFileReference; lastKnownFileType = file.storyboard; name = Base; path = Base.lproj/LaunchScreen.storyboard; sourceTree = "<group>"; };
		03D54DEE2090580400C6C332 /* Info.plist */ = {isa = PBXFileReference; lastKnownFileType = text.plist.xml; path = Info.plist; sourceTree = "<group>"; };
		03D54DF32090580400C6C332 /* Mobisem-CustomerFeedbackTests.xctest */ = {isa = PBXFileReference; explicitFileType = wrapper.cfbundle; includeInIndex = 0; path = "Mobisem-CustomerFeedbackTests.xctest"; sourceTree = BUILT_PRODUCTS_DIR; };
		03D54DF72090580400C6C332 /* Mobisem_CustomerFeedbackTests.swift */ = {isa = PBXFileReference; lastKnownFileType = sourcecode.swift; path = Mobisem_CustomerFeedbackTests.swift; sourceTree = "<group>"; };
		03D54DF92090580400C6C332 /* Info.plist */ = {isa = PBXFileReference; lastKnownFileType = text.plist.xml; path = Info.plist; sourceTree = "<group>"; };
		03D54DFE2090580400C6C332 /* Mobisem-CustomerFeedbackUITests.xctest */ = {isa = PBXFileReference; explicitFileType = wrapper.cfbundle; includeInIndex = 0; path = "Mobisem-CustomerFeedbackUITests.xctest"; sourceTree = BUILT_PRODUCTS_DIR; };
		03D54E022090580400C6C332 /* Mobisem_CustomerFeedbackUITests.swift */ = {isa = PBXFileReference; lastKnownFileType = sourcecode.swift; path = Mobisem_CustomerFeedbackUITests.swift; sourceTree = "<group>"; };
		03D54E042090580400C6C332 /* Info.plist */ = {isa = PBXFileReference; lastKnownFileType = text.plist.xml; path = Info.plist; sourceTree = "<group>"; };
		03D54E1020905D4600C6C332 /* smileyswitch.json */ = {isa = PBXFileReference; fileEncoding = 4; lastKnownFileType = text.json; path = smileyswitch.json; sourceTree = SOURCE_ROOT; };
		19213318E6E857183FEF22AD /* Pods-Mobisem-CustomerFeedbackTests.release.xcconfig */ = {isa = PBXFileReference; includeInIndex = 1; lastKnownFileType = text.xcconfig; name = "Pods-Mobisem-CustomerFeedbackTests.release.xcconfig"; path = "Pods/Target Support Files/Pods-Mobisem-CustomerFeedbackTests/Pods-Mobisem-CustomerFeedbackTests.release.xcconfig"; sourceTree = "<group>"; };
		1EAED6EB182E3BDEE989AE47 /* Pods_Mobisem_CustomerFeedbackTests.framework */ = {isa = PBXFileReference; explicitFileType = wrapper.framework; includeInIndex = 0; path = Pods_Mobisem_CustomerFeedbackTests.framework; sourceTree = BUILT_PRODUCTS_DIR; };
		4552206FADC521132E903D3D /* Pods_Mobisem_CustomerFeedbackUITests.framework */ = {isa = PBXFileReference; explicitFileType = wrapper.framework; includeInIndex = 0; path = Pods_Mobisem_CustomerFeedbackUITests.framework; sourceTree = BUILT_PRODUCTS_DIR; };
		56C7505AFF8D01D2C3CEC8D0 /* Pods-Mobisem-CustomerFeedback.release.xcconfig */ = {isa = PBXFileReference; includeInIndex = 1; lastKnownFileType = text.xcconfig; name = "Pods-Mobisem-CustomerFeedback.release.xcconfig"; path = "Pods/Target Support Files/Pods-Mobisem-CustomerFeedback/Pods-Mobisem-CustomerFeedback.release.xcconfig"; sourceTree = "<group>"; };
		66D5D88694766E0E7E39DB67 /* Pods-Mobisem-CustomerFeedbackTests.debug.xcconfig */ = {isa = PBXFileReference; includeInIndex = 1; lastKnownFileType = text.xcconfig; name = "Pods-Mobisem-CustomerFeedbackTests.debug.xcconfig"; path = "Pods/Target Support Files/Pods-Mobisem-CustomerFeedbackTests/Pods-Mobisem-CustomerFeedbackTests.debug.xcconfig"; sourceTree = "<group>"; };
		8AB54A81E54369A48DA97A1E /* Pods_Mobisem_CustomerFeedback.framework */ = {isa = PBXFileReference; explicitFileType = wrapper.framework; includeInIndex = 0; path = Pods_Mobisem_CustomerFeedback.framework; sourceTree = BUILT_PRODUCTS_DIR; };
		BE5302B56A64E7067CF3B2B2 /* Pods-Mobisem-CustomerFeedbackUITests.release.xcconfig */ = {isa = PBXFileReference; includeInIndex = 1; lastKnownFileType = text.xcconfig; name = "Pods-Mobisem-CustomerFeedbackUITests.release.xcconfig"; path = "Pods/Target Support Files/Pods-Mobisem-CustomerFeedbackUITests/Pods-Mobisem-CustomerFeedbackUITests.release.xcconfig"; sourceTree = "<group>"; };
		C75DF9D17F1FE0E5DED5FE8D /* Pods-Mobisem-CustomerFeedback.debug.xcconfig */ = {isa = PBXFileReference; includeInIndex = 1; lastKnownFileType = text.xcconfig; name = "Pods-Mobisem-CustomerFeedback.debug.xcconfig"; path = "Pods/Target Support Files/Pods-Mobisem-CustomerFeedback/Pods-Mobisem-CustomerFeedback.debug.xcconfig"; sourceTree = "<group>"; };
		DB7E624924944EA0BC519451 /* Pods-Mobisem-CustomerFeedbackUITests.debug.xcconfig */ = {isa = PBXFileReference; includeInIndex = 1; lastKnownFileType = text.xcconfig; name = "Pods-Mobisem-CustomerFeedbackUITests.debug.xcconfig"; path = "Pods/Target Support Files/Pods-Mobisem-CustomerFeedbackUITests/Pods-Mobisem-CustomerFeedbackUITests.debug.xcconfig"; sourceTree = "<group>"; };
/* End PBXFileReference section */

/* Begin PBXFrameworksBuildPhase section */
		03D54DDC2090580100C6C332 /* Frameworks */ = {
			isa = PBXFrameworksBuildPhase;
			buildActionMask = 2147483647;
			files = (
				64582736A2CED8B80BC69AE0 /* Pods_Mobisem_CustomerFeedback.framework in Frameworks */,
			);
			runOnlyForDeploymentPostprocessing = 0;
		};
		03D54DF02090580400C6C332 /* Frameworks */ = {
			isa = PBXFrameworksBuildPhase;
			buildActionMask = 2147483647;
			files = (
				9E405D197ECDF8CF86A1F2B2 /* Pods_Mobisem_CustomerFeedbackTests.framework in Frameworks */,
			);
			runOnlyForDeploymentPostprocessing = 0;
		};
		03D54DFB2090580400C6C332 /* Frameworks */ = {
			isa = PBXFrameworksBuildPhase;
			buildActionMask = 2147483647;
			files = (
				F48814FB66C72A43A8DFF26F /* Pods_Mobisem_CustomerFeedbackUITests.framework in Frameworks */,
			);
			runOnlyForDeploymentPostprocessing = 0;
		};
/* End PBXFrameworksBuildPhase section */

/* Begin PBXGroup section */
		03D54DD62090580100C6C332 = {
			isa = PBXGroup;
			children = (
				03D54DE12090580100C6C332 /* Mobisem-CustomerFeedback */,
				03D54DF62090580400C6C332 /* Mobisem-CustomerFeedbackTests */,
				03D54E012090580400C6C332 /* Mobisem-CustomerFeedbackUITests */,
				03D54DE02090580100C6C332 /* Products */,
				2C5520595AFF99972459DD9E /* Pods */,
				1B340C088F3D791A90950617 /* Frameworks */,
			);
			sourceTree = "<group>";
		};
		03D54DE02090580100C6C332 /* Products */ = {
			isa = PBXGroup;
			children = (
				03D54DDF2090580100C6C332 /* Mobisem-CustomerFeedback.app */,
				03D54DF32090580400C6C332 /* Mobisem-CustomerFeedbackTests.xctest */,
				03D54DFE2090580400C6C332 /* Mobisem-CustomerFeedbackUITests.xctest */,
			);
			name = Products;
			sourceTree = "<group>";
		};
		03D54DE12090580100C6C332 /* Mobisem-CustomerFeedback */ = {
			isa = PBXGroup;
			children = (
				03D54DE22090580100C6C332 /* AppDelegate.swift */,
				03D54DE42090580100C6C332 /* ViewController.swift */,
				03D54DE62090580100C6C332 /* Main.storyboard */,
				03D54DE92090580400C6C332 /* Assets.xcassets */,
				03D54DEB2090580400C6C332 /* LaunchScreen.storyboard */,
				03D54E1020905D4600C6C332 /* smileyswitch.json */,
				036E6AC220906A41005AC949 /* smileyswitch-lighter.json */,
				03D54DEE2090580400C6C332 /* Info.plist */,
			);
			path = "Mobisem-CustomerFeedback";
			sourceTree = "<group>";
		};
		03D54DF62090580400C6C332 /* Mobisem-CustomerFeedbackTests */ = {
			isa = PBXGroup;
			children = (
				03D54DF72090580400C6C332 /* Mobisem_CustomerFeedbackTests.swift */,
				03D54DF92090580400C6C332 /* Info.plist */,
			);
			path = "Mobisem-CustomerFeedbackTests";
			sourceTree = "<group>";
		};
		03D54E012090580400C6C332 /* Mobisem-CustomerFeedbackUITests */ = {
			isa = PBXGroup;
			children = (
				03D54E022090580400C6C332 /* Mobisem_CustomerFeedbackUITests.swift */,
				03D54E042090580400C6C332 /* Info.plist */,
			);
			path = "Mobisem-CustomerFeedbackUITests";
			sourceTree = "<group>";
		};
		1B340C088F3D791A90950617 /* Frameworks */ = {
			isa = PBXGroup;
			children = (
				8AB54A81E54369A48DA97A1E /* Pods_Mobisem_CustomerFeedback.framework */,
				1EAED6EB182E3BDEE989AE47 /* Pods_Mobisem_CustomerFeedbackTests.framework */,
				4552206FADC521132E903D3D /* Pods_Mobisem_CustomerFeedbackUITests.framework */,
			);
			name = Frameworks;
			sourceTree = "<group>";
		};
		2C5520595AFF99972459DD9E /* Pods */ = {
			isa = PBXGroup;
			children = (
				C75DF9D17F1FE0E5DED5FE8D /* Pods-Mobisem-CustomerFeedback.debug.xcconfig */,
				56C7505AFF8D01D2C3CEC8D0 /* Pods-Mobisem-CustomerFeedback.release.xcconfig */,
				66D5D88694766E0E7E39DB67 /* Pods-Mobisem-CustomerFeedbackTests.debug.xcconfig */,
				19213318E6E857183FEF22AD /* Pods-Mobisem-CustomerFeedbackTests.release.xcconfig */,
				DB7E624924944EA0BC519451 /* Pods-Mobisem-CustomerFeedbackUITests.debug.xcconfig */,
				BE5302B56A64E7067CF3B2B2 /* Pods-Mobisem-CustomerFeedbackUITests.release.xcconfig */,
			);
			name = Pods;
			sourceTree = "<group>";
		};
/* End PBXGroup section */

/* Begin PBXNativeTarget section */
		03D54DDE2090580100C6C332 /* Mobisem-CustomerFeedback */ = {
			isa = PBXNativeTarget;
			buildConfigurationList = 03D54E072090580400C6C332 /* Build configuration list for PBXNativeTarget "Mobisem-CustomerFeedback" */;
			buildPhases = (
				90E681136AC3D204A373DD35 /* [CP] Check Pods Manifest.lock */,
				03D54DDB2090580100C6C332 /* Sources */,
				03D54DDC2090580100C6C332 /* Frameworks */,
				03D54DDD2090580100C6C332 /* Resources */,
				AF044706765B8F255E3646AC /* [CP] Embed Pods Frameworks */,
				589C993EDDD7E7903FBAC438 /* [CP] Copy Pods Resources */,
			);
			buildRules = (
			);
			dependencies = (
			);
			name = "Mobisem-CustomerFeedback";
			productName = "Mobisem-CustomerFeedback";
			productReference = 03D54DDF2090580100C6C332 /* Mobisem-CustomerFeedback.app */;
			productType = "com.apple.product-type.application";
		};
		03D54DF22090580400C6C332 /* Mobisem-CustomerFeedbackTests */ = {
			isa = PBXNativeTarget;
			buildConfigurationList = 03D54E0A2090580400C6C332 /* Build configuration list for PBXNativeTarget "Mobisem-CustomerFeedbackTests" */;
			buildPhases = (
				7FF70B3AA81C7D2CAD09110C /* [CP] Check Pods Manifest.lock */,
				03D54DEF2090580400C6C332 /* Sources */,
				03D54DF02090580400C6C332 /* Frameworks */,
				03D54DF12090580400C6C332 /* Resources */,
				7EC5D442087B07FF0239BE12 /* [CP] Embed Pods Frameworks */,
				A486AA85979A87611DA9A125 /* [CP] Copy Pods Resources */,
			);
			buildRules = (
			);
			dependencies = (
				03D54DF52090580400C6C332 /* PBXTargetDependency */,
			);
			name = "Mobisem-CustomerFeedbackTests";
			productName = "Mobisem-CustomerFeedbackTests";
			productReference = 03D54DF32090580400C6C332 /* Mobisem-CustomerFeedbackTests.xctest */;
			productType = "com.apple.product-type.bundle.unit-test";
		};
		03D54DFD2090580400C6C332 /* Mobisem-CustomerFeedbackUITests */ = {
			isa = PBXNativeTarget;
			buildConfigurationList = 03D54E0D2090580400C6C332 /* Build configuration list for PBXNativeTarget "Mobisem-CustomerFeedbackUITests" */;
			buildPhases = (
				E8488B0FE8721688AD0DF4B4 /* [CP] Check Pods Manifest.lock */,
				03D54DFA2090580400C6C332 /* Sources */,
				03D54DFB2090580400C6C332 /* Frameworks */,
				03D54DFC2090580400C6C332 /* Resources */,
				45480B7F7B886D5F11507802 /* [CP] Embed Pods Frameworks */,
				1118F21A980CE964B158E4F9 /* [CP] Copy Pods Resources */,
			);
			buildRules = (
			);
			dependencies = (
				03D54E002090580400C6C332 /* PBXTargetDependency */,
			);
			name = "Mobisem-CustomerFeedbackUITests";
			productName = "Mobisem-CustomerFeedbackUITests";
			productReference = 03D54DFE2090580400C6C332 /* Mobisem-CustomerFeedbackUITests.xctest */;
			productType = "com.apple.product-type.bundle.ui-testing";
		};
/* End PBXNativeTarget section */

/* Begin PBXProject section */
		03D54DD72090580100C6C332 /* Project object */ = {
			isa = PBXProject;
			attributes = {
				LastSwiftUpdateCheck = 0930;
				LastUpgradeCheck = 0930;
				ORGANIZATIONNAME = mkolcalar;
				TargetAttributes = {
					03D54DDE2090580100C6C332 = {
						CreatedOnToolsVersion = 9.3;
					};
					03D54DF22090580400C6C332 = {
						CreatedOnToolsVersion = 9.3;
						TestTargetID = 03D54DDE2090580100C6C332;
					};
					03D54DFD2090580400C6C332 = {
						CreatedOnToolsVersion = 9.3;
						TestTargetID = 03D54DDE2090580100C6C332;
					};
				};
			};
			buildConfigurationList = 03D54DDA2090580100C6C332 /* Build configuration list for PBXProject "Mobisem-CustomerFeedback" */;
			compatibilityVersion = "Xcode 9.3";
			developmentRegion = en;
			hasScannedForEncodings = 0;
			knownRegions = (
				en,
				Base,
			);
			mainGroup = 03D54DD62090580100C6C332;
			productRefGroup = 03D54DE02090580100C6C332 /* Products */;
			projectDirPath = "";
			projectRoot = "";
			targets = (
				03D54DDE2090580100C6C332 /* Mobisem-CustomerFeedback */,
				03D54DF22090580400C6C332 /* Mobisem-CustomerFeedbackTests */,
				03D54DFD2090580400C6C332 /* Mobisem-CustomerFeedbackUITests */,
			);
		};
/* End PBXProject section */

/* Begin PBXResourcesBuildPhase section */
		03D54DDD2090580100C6C332 /* Resources */ = {
			isa = PBXResourcesBuildPhase;
			buildActionMask = 2147483647;
			files = (
				03D54DED2090580400C6C332 /* LaunchScreen.storyboard in Resources */,
				03D54DEA2090580400C6C332 /* Assets.xcassets in Resources */,
				03D54E1120905D4600C6C332 /* smileyswitch.json in Resources */,
				036E6AC320906A41005AC949 /* smileyswitch-lighter.json in Resources */,
				03D54DE82090580100C6C332 /* Main.storyboard in Resources */,
			);
			runOnlyForDeploymentPostprocessing = 0;
		};
		03D54DF12090580400C6C332 /* Resources */ = {
			isa = PBXResourcesBuildPhase;
			buildActionMask = 2147483647;
			files = (
			);
			runOnlyForDeploymentPostprocessing = 0;
		};
		03D54DFC2090580400C6C332 /* Resources */ = {
			isa = PBXResourcesBuildPhase;
			buildActionMask = 2147483647;
			files = (
			);
			runOnlyForDeploymentPostprocessing = 0;
		};
/* End PBXResourcesBuildPhase section */

/* Begin PBXShellScriptBuildPhase section */
		1118F21A980CE964B158E4F9 /* [CP] Copy Pods Resources */ = {
			isa = PBXShellScriptBuildPhase;
			buildActionMask = 2147483647;
			files = (
			);
			inputPaths = (
			);
			name = "[CP] Copy Pods Resources";
			outputPaths = (
			);
			runOnlyForDeploymentPostprocessing = 0;
			shellPath = /bin/sh;
			shellScript = "\"${SRCROOT}/Pods/Target Support Files/Pods-Mobisem-CustomerFeedbackUITests/Pods-Mobisem-CustomerFeedbackUITests-resources.sh\"\n";
			showEnvVarsInLog = 0;
		};
		45480B7F7B886D5F11507802 /* [CP] Embed Pods Frameworks */ = {
			isa = PBXShellScriptBuildPhase;
			buildActionMask = 2147483647;
			files = (
			);
			inputPaths = (
			);
			name = "[CP] Embed Pods Frameworks";
			outputPaths = (
			);
			runOnlyForDeploymentPostprocessing = 0;
			shellPath = /bin/sh;
			shellScript = "\"${SRCROOT}/Pods/Target Support Files/Pods-Mobisem-CustomerFeedbackUITests/Pods-Mobisem-CustomerFeedbackUITests-frameworks.sh\"\n";
			showEnvVarsInLog = 0;
		};
		589C993EDDD7E7903FBAC438 /* [CP] Copy Pods Resources */ = {
			isa = PBXShellScriptBuildPhase;
			buildActionMask = 2147483647;
			files = (
			);
			inputPaths = (
			);
			name = "[CP] Copy Pods Resources";
			outputPaths = (
			);
			runOnlyForDeploymentPostprocessing = 0;
			shellPath = /bin/sh;
			shellScript = "\"${SRCROOT}/Pods/Target Support Files/Pods-Mobisem-CustomerFeedback/Pods-Mobisem-CustomerFeedback-resources.sh\"\n";
			showEnvVarsInLog = 0;
		};
		7EC5D442087B07FF0239BE12 /* [CP] Embed Pods Frameworks */ = {
			isa = PBXShellScriptBuildPhase;
			buildActionMask = 2147483647;
			files = (
			);
			inputPaths = (
			);
			name = "[CP] Embed Pods Frameworks";
			outputPaths = (
			);
			runOnlyForDeploymentPostprocessing = 0;
			shellPath = /bin/sh;
			shellScript = "\"${SRCROOT}/Pods/Target Support Files/Pods-Mobisem-CustomerFeedbackTests/Pods-Mobisem-CustomerFeedbackTests-frameworks.sh\"\n";
			showEnvVarsInLog = 0;
		};
		7FF70B3AA81C7D2CAD09110C /* [CP] Check Pods Manifest.lock */ = {
			isa = PBXShellScriptBuildPhase;
			buildActionMask = 2147483647;
			files = (
			);
			inputPaths = (
				"${PODS_PODFILE_DIR_PATH}/Podfile.lock",
				"${PODS_ROOT}/Manifest.lock",
			);
			name = "[CP] Check Pods Manifest.lock";
			outputPaths = (
				"$(DERIVED_FILE_DIR)/Pods-Mobisem-CustomerFeedbackTests-checkManifestLockResult.txt",
			);
			runOnlyForDeploymentPostprocessing = 0;
			shellPath = /bin/sh;
			shellScript = "diff \"${PODS_PODFILE_DIR_PATH}/Podfile.lock\" \"${PODS_ROOT}/Manifest.lock\" > /dev/null\nif [ $? != 0 ] ; then\n    # print error to STDERR\n    echo \"error: The sandbox is not in sync with the Podfile.lock. Run 'pod install' or update your CocoaPods installation.\" >&2\n    exit 1\nfi\n# This output is used by Xcode 'outputs' to avoid re-running this script phase.\necho \"SUCCESS\" > \"${SCRIPT_OUTPUT_FILE_0}\"\n";
			showEnvVarsInLog = 0;
		};
		90E681136AC3D204A373DD35 /* [CP] Check Pods Manifest.lock */ = {
			isa = PBXShellScriptBuildPhase;
			buildActionMask = 2147483647;
			files = (
			);
			inputPaths = (
				"${PODS_PODFILE_DIR_PATH}/Podfile.lock",
				"${PODS_ROOT}/Manifest.lock",
			);
			name = "[CP] Check Pods Manifest.lock";
			outputPaths = (
				"$(DERIVED_FILE_DIR)/Pods-Mobisem-CustomerFeedback-checkManifestLockResult.txt",
			);
			runOnlyForDeploymentPostprocessing = 0;
			shellPath = /bin/sh;
			shellScript = "diff \"${PODS_PODFILE_DIR_PATH}/Podfile.lock\" \"${PODS_ROOT}/Manifest.lock\" > /dev/null\nif [ $? != 0 ] ; then\n    # print error to STDERR\n    echo \"error: The sandbox is not in sync with the Podfile.lock. Run 'pod install' or update your CocoaPods installation.\" >&2\n    exit 1\nfi\n# This output is used by Xcode 'outputs' to avoid re-running this script phase.\necho \"SUCCESS\" > \"${SCRIPT_OUTPUT_FILE_0}\"\n";
			showEnvVarsInLog = 0;
		};
		A486AA85979A87611DA9A125 /* [CP] Copy Pods Resources */ = {
			isa = PBXShellScriptBuildPhase;
			buildActionMask = 2147483647;
			files = (
			);
			inputPaths = (
			);
			name = "[CP] Copy Pods Resources";
			outputPaths = (
			);
			runOnlyForDeploymentPostprocessing = 0;
			shellPath = /bin/sh;
			shellScript = "\"${SRCROOT}/Pods/Target Support Files/Pods-Mobisem-CustomerFeedbackTests/Pods-Mobisem-CustomerFeedbackTests-resources.sh\"\n";
			showEnvVarsInLog = 0;
		};
		AF044706765B8F255E3646AC /* [CP] Embed Pods Frameworks */ = {
			isa = PBXShellScriptBuildPhase;
			buildActionMask = 2147483647;
			files = (
			);
			inputPaths = (
				"${SRCROOT}/Pods/Target Support Files/Pods-Mobisem-CustomerFeedback/Pods-Mobisem-CustomerFeedback-frameworks.sh",
				"${BUILT_PRODUCTS_DIR}/lottie-ios/Lottie.framework",
			);
			name = "[CP] Embed Pods Frameworks";
			outputPaths = (
				"${TARGET_BUILD_DIR}/${FRAMEWORKS_FOLDER_PATH}/Lottie.framework",
			);
			runOnlyForDeploymentPostprocessing = 0;
			shellPath = /bin/sh;
			shellScript = "\"${SRCROOT}/Pods/Target Support Files/Pods-Mobisem-CustomerFeedback/Pods-Mobisem-CustomerFeedback-frameworks.sh\"\n";
			showEnvVarsInLog = 0;
		};
		E8488B0FE8721688AD0DF4B4 /* [CP] Check Pods Manifest.lock */ = {
			isa = PBXShellScriptBuildPhase;
			buildActionMask = 2147483647;
			files = (
			);
			inputPaths = (
				"${PODS_PODFILE_DIR_PATH}/Podfile.lock",
				"${PODS_ROOT}/Manifest.lock",
			);
			name = "[CP] Check Pods Manifest.lock";
			outputPaths = (
				"$(DERIVED_FILE_DIR)/Pods-Mobisem-CustomerFeedbackUITests-checkManifestLockResult.txt",
			);
			runOnlyForDeploymentPostprocessing = 0;
			shellPath = /bin/sh;
			shellScript = "diff \"${PODS_PODFILE_DIR_PATH}/Podfile.lock\" \"${PODS_ROOT}/Manifest.lock\" > /dev/null\nif [ $? != 0 ] ; then\n    # print error to STDERR\n    echo \"error: The sandbox is not in sync with the Podfile.lock. Run 'pod install' or update your CocoaPods installation.\" >&2\n    exit 1\nfi\n# This output is used by Xcode 'outputs' to avoid re-running this script phase.\necho \"SUCCESS\" > \"${SCRIPT_OUTPUT_FILE_0}\"\n";
			showEnvVarsInLog = 0;
		};
/* End PBXShellScriptBuildPhase section */

/* Begin PBXSourcesBuildPhase section */
		03D54DDB2090580100C6C332 /* Sources */ = {
			isa = PBXSourcesBuildPhase;
			buildActionMask = 2147483647;
			files = (
				03D54DE52090580100C6C332 /* ViewController.swift in Sources */,
				03D54DE32090580100C6C332 /* AppDelegate.swift in Sources */,
			);
			runOnlyForDeploymentPostprocessing = 0;
		};
		03D54DEF2090580400C6C332 /* Sources */ = {
			isa = PBXSourcesBuildPhase;
			buildActionMask = 2147483647;
			files = (
				03D54DF82090580400C6C332 /* Mobisem_CustomerFeedbackTests.swift in Sources */,
			);
			runOnlyForDeploymentPostprocessing = 0;
		};
		03D54DFA2090580400C6C332 /* Sources */ = {
			isa = PBXSourcesBuildPhase;
			buildActionMask = 2147483647;
			files = (
				03D54E032090580400C6C332 /* Mobisem_CustomerFeedbackUITests.swift in Sources */,
			);
			runOnlyForDeploymentPostprocessing = 0;
		};
/* End PBXSourcesBuildPhase section */

/* Begin PBXTargetDependency section */
		03D54DF52090580400C6C332 /* PBXTargetDependency */ = {
			isa = PBXTargetDependency;
			target = 03D54DDE2090580100C6C332 /* Mobisem-CustomerFeedback */;
			targetProxy = 03D54DF42090580400C6C332 /* PBXContainerItemProxy */;
		};
		03D54E002090580400C6C332 /* PBXTargetDependency */ = {
			isa = PBXTargetDependency;
			target = 03D54DDE2090580100C6C332 /* Mobisem-CustomerFeedback */;
			targetProxy = 03D54DFF2090580400C6C332 /* PBXContainerItemProxy */;
		};
/* End PBXTargetDependency section */

/* Begin PBXVariantGroup section */
		03D54DE62090580100C6C332 /* Main.storyboard */ = {
			isa = PBXVariantGroup;
			children = (
				03D54DE72090580100C6C332 /* Base */,
			);
			name = Main.storyboard;
			sourceTree = "<group>";
		};
		03D54DEB2090580400C6C332 /* LaunchScreen.storyboard */ = {
			isa = PBXVariantGroup;
			children = (
				03D54DEC2090580400C6C332 /* Base */,
			);
			name = LaunchScreen.storyboard;
			sourceTree = "<group>";
		};
/* End PBXVariantGroup section */

/* Begin XCBuildConfiguration section */
		03D54E052090580400C6C332 /* Debug */ = {
			isa = XCBuildConfiguration;
			buildSettings = {
				ALWAYS_SEARCH_USER_PATHS = NO;
				CLANG_ANALYZER_NONNULL = YES;
				CLANG_ANALYZER_NUMBER_OBJECT_CONVERSION = YES_AGGRESSIVE;
				CLANG_CXX_LANGUAGE_STANDARD = "gnu++14";
				CLANG_CXX_LIBRARY = "libc++";
				CLANG_ENABLE_MODULES = YES;
				CLANG_ENABLE_OBJC_ARC = YES;
				CLANG_ENABLE_OBJC_WEAK = YES;
				CLANG_WARN_BLOCK_CAPTURE_AUTORELEASING = YES;
				CLANG_WARN_BOOL_CONVERSION = YES;
				CLANG_WARN_COMMA = YES;
				CLANG_WARN_CONSTANT_CONVERSION = YES;
				CLANG_WARN_DEPRECATED_OBJC_IMPLEMENTATIONS = YES;
				CLANG_WARN_DIRECT_OBJC_ISA_USAGE = YES_ERROR;
				CLANG_WARN_DOCUMENTATION_COMMENTS = YES;
				CLANG_WARN_EMPTY_BODY = YES;
				CLANG_WARN_ENUM_CONVERSION = YES;
				CLANG_WARN_INFINITE_RECURSION = YES;
				CLANG_WARN_INT_CONVERSION = YES;
				CLANG_WARN_NON_LITERAL_NULL_CONVERSION = YES;
				CLANG_WARN_OBJC_IMPLICIT_RETAIN_SELF = YES;
				CLANG_WARN_OBJC_LITERAL_CONVERSION = YES;
				CLANG_WARN_OBJC_ROOT_CLASS = YES_ERROR;
				CLANG_WARN_RANGE_LOOP_ANALYSIS = YES;
				CLANG_WARN_STRICT_PROTOTYPES = YES;
				CLANG_WARN_SUSPICIOUS_MOVE = YES;
				CLANG_WARN_UNGUARDED_AVAILABILITY = YES_AGGRESSIVE;
				CLANG_WARN_UNREACHABLE_CODE = YES;
				CLANG_WARN__DUPLICATE_METHOD_MATCH = YES;
				CODE_SIGN_IDENTITY = "iPhone Developer";
				COPY_PHASE_STRIP = NO;
				DEBUG_INFORMATION_FORMAT = dwarf;
				ENABLE_STRICT_OBJC_MSGSEND = YES;
				ENABLE_TESTABILITY = YES;
				GCC_C_LANGUAGE_STANDARD = gnu11;
				GCC_DYNAMIC_NO_PIC = NO;
				GCC_NO_COMMON_BLOCKS = YES;
				GCC_OPTIMIZATION_LEVEL = 0;
				GCC_PREPROCESSOR_DEFINITIONS = (
					"DEBUG=1",
					"$(inherited)",
				);
				GCC_WARN_64_TO_32_BIT_CONVERSION = YES;
				GCC_WARN_ABOUT_RETURN_TYPE = YES_ERROR;
				GCC_WARN_UNDECLARED_SELECTOR = YES;
				GCC_WARN_UNINITIALIZED_AUTOS = YES_AGGRESSIVE;
				GCC_WARN_UNUSED_FUNCTION = YES;
				GCC_WARN_UNUSED_VARIABLE = YES;
				IPHONEOS_DEPLOYMENT_TARGET = 11.3;
				MTL_ENABLE_DEBUG_INFO = YES;
				ONLY_ACTIVE_ARCH = YES;
				SDKROOT = iphoneos;
				SWIFT_ACTIVE_COMPILATION_CONDITIONS = DEBUG;
				SWIFT_OPTIMIZATION_LEVEL = "-Onone";
			};
			name = Debug;
		};
		03D54E062090580400C6C332 /* Release */ = {
			isa = XCBuildConfiguration;
			buildSettings = {
				ALWAYS_SEARCH_USER_PATHS = NO;
				CLANG_ANALYZER_NONNULL = YES;
				CLANG_ANALYZER_NUMBER_OBJECT_CONVERSION = YES_AGGRESSIVE;
				CLANG_CXX_LANGUAGE_STANDARD = "gnu++14";
				CLANG_CXX_LIBRARY = "libc++";
				CLANG_ENABLE_MODULES = YES;
				CLANG_ENABLE_OBJC_ARC = YES;
				CLANG_ENABLE_OBJC_WEAK = YES;
				CLANG_WARN_BLOCK_CAPTURE_AUTORELEASING = YES;
				CLANG_WARN_BOOL_CONVERSION = YES;
				CLANG_WARN_COMMA = YES;
				CLANG_WARN_CONSTANT_CONVERSION = YES;
				CLANG_WARN_DEPRECATED_OBJC_IMPLEMENTATIONS = YES;
				CLANG_WARN_DIRECT_OBJC_ISA_USAGE = YES_ERROR;
				CLANG_WARN_DOCUMENTATION_COMMENTS = YES;
				CLANG_WARN_EMPTY_BODY = YES;
				CLANG_WARN_ENUM_CONVERSION = YES;
				CLANG_WARN_INFINITE_RECURSION = YES;
				CLANG_WARN_INT_CONVERSION = YES;
				CLANG_WARN_NON_LITERAL_NULL_CONVERSION = YES;
				CLANG_WARN_OBJC_IMPLICIT_RETAIN_SELF = YES;
				CLANG_WARN_OBJC_LITERAL_CONVERSION = YES;
				CLANG_WARN_OBJC_ROOT_CLASS = YES_ERROR;
				CLANG_WARN_RANGE_LOOP_ANALYSIS = YES;
				CLANG_WARN_STRICT_PROTOTYPES = YES;
				CLANG_WARN_SUSPICIOUS_MOVE = YES;
				CLANG_WARN_UNGUARDED_AVAILABILITY = YES_AGGRESSIVE;
				CLANG_WARN_UNREACHABLE_CODE = YES;
				CLANG_WARN__DUPLICATE_METHOD_MATCH = YES;
				CODE_SIGN_IDENTITY = "iPhone Developer";
				COPY_PHASE_STRIP = NO;
				DEBUG_INFORMATION_FORMAT = "dwarf-with-dsym";
				ENABLE_NS_ASSERTIONS = NO;
				ENABLE_STRICT_OBJC_MSGSEND = YES;
				GCC_C_LANGUAGE_STANDARD = gnu11;
				GCC_NO_COMMON_BLOCKS = YES;
				GCC_WARN_64_TO_32_BIT_CONVERSION = YES;
				GCC_WARN_ABOUT_RETURN_TYPE = YES_ERROR;
				GCC_WARN_UNDECLARED_SELECTOR = YES;
				GCC_WARN_UNINITIALIZED_AUTOS = YES_AGGRESSIVE;
				GCC_WARN_UNUSED_FUNCTION = YES;
				GCC_WARN_UNUSED_VARIABLE = YES;
				IPHONEOS_DEPLOYMENT_TARGET = 11.3;
				MTL_ENABLE_DEBUG_INFO = NO;
				SDKROOT = iphoneos;
				SWIFT_COMPILATION_MODE = wholemodule;
				SWIFT_OPTIMIZATION_LEVEL = "-O";
				VALIDATE_PRODUCT = YES;
			};
			name = Release;
		};
		03D54E082090580400C6C332 /* Debug */ = {
			isa = XCBuildConfiguration;
			baseConfigurationReference = C75DF9D17F1FE0E5DED5FE8D /* Pods-Mobisem-CustomerFeedback.debug.xcconfig */;
			buildSettings = {
				ASSETCATALOG_COMPILER_APPICON_NAME = AppIcon;
				CODE_SIGN_STYLE = Automatic;
				INFOPLIST_FILE = "Mobisem-CustomerFeedback/Info.plist";
				LD_RUNPATH_SEARCH_PATHS = (
					"$(inherited)",
					"@executable_path/Frameworks",
				);
				PRODUCT_BUNDLE_IDENTIFIER = "Mobisem.Mobisem-CustomerFeedback";
				PRODUCT_NAME = "$(TARGET_NAME)";
				SWIFT_VERSION = 4.0;
				TARGETED_DEVICE_FAMILY = "1,2";
			};
			name = Debug;
		};
		03D54E092090580400C6C332 /* Release */ = {
			isa = XCBuildConfiguration;
			baseConfigurationReference = 56C7505AFF8D01D2C3CEC8D0 /* Pods-Mobisem-CustomerFeedback.release.xcconfig */;
			buildSettings = {
				ASSETCATALOG_COMPILER_APPICON_NAME = AppIcon;
				CODE_SIGN_STYLE = Automatic;
				INFOPLIST_FILE = "Mobisem-CustomerFeedback/Info.plist";
				LD_RUNPATH_SEARCH_PATHS = (
					"$(inherited)",
					"@executable_path/Frameworks",
				);
				PRODUCT_BUNDLE_IDENTIFIER = "Mobisem.Mobisem-CustomerFeedback";
				PRODUCT_NAME = "$(TARGET_NAME)";
				SWIFT_VERSION = 4.0;
				TARGETED_DEVICE_FAMILY = "1,2";
			};
			name = Release;
		};
		03D54E0B2090580400C6C332 /* Debug */ = {
			isa = XCBuildConfiguration;
			baseConfigurationReference = 66D5D88694766E0E7E39DB67 /* Pods-Mobisem-CustomerFeedbackTests.debug.xcconfig */;
			buildSettings = {
				ALWAYS_EMBED_SWIFT_STANDARD_LIBRARIES = YES;
				BUNDLE_LOADER = "$(TEST_HOST)";
				CODE_SIGN_STYLE = Automatic;
				INFOPLIST_FILE = "Mobisem-CustomerFeedbackTests/Info.plist";
				LD_RUNPATH_SEARCH_PATHS = (
					"$(inherited)",
					"@executable_path/Frameworks",
					"@loader_path/Frameworks",
				);
				PRODUCT_BUNDLE_IDENTIFIER = "Mobisem.Mobisem-CustomerFeedbackTests";
				PRODUCT_NAME = "$(TARGET_NAME)";
				SWIFT_VERSION = 4.0;
				TARGETED_DEVICE_FAMILY = "1,2";
				TEST_HOST = "$(BUILT_PRODUCTS_DIR)/Mobisem-CustomerFeedback.app/Mobisem-CustomerFeedback";
			};
			name = Debug;
		};
		03D54E0C2090580400C6C332 /* Release */ = {
			isa = XCBuildConfiguration;
			baseConfigurationReference = 19213318E6E857183FEF22AD /* Pods-Mobisem-CustomerFeedbackTests.release.xcconfig */;
			buildSettings = {
				ALWAYS_EMBED_SWIFT_STANDARD_LIBRARIES = YES;
				BUNDLE_LOADER = "$(TEST_HOST)";
				CODE_SIGN_STYLE = Automatic;
				INFOPLIST_FILE = "Mobisem-CustomerFeedbackTests/Info.plist";
				LD_RUNPATH_SEARCH_PATHS = (
					"$(inherited)",
					"@executable_path/Frameworks",
					"@loader_path/Frameworks",
				);
				PRODUCT_BUNDLE_IDENTIFIER = "Mobisem.Mobisem-CustomerFeedbackTests";
				PRODUCT_NAME = "$(TARGET_NAME)";
				SWIFT_VERSION = 4.0;
				TARGETED_DEVICE_FAMILY = "1,2";
				TEST_HOST = "$(BUILT_PRODUCTS_DIR)/Mobisem-CustomerFeedback.app/Mobisem-CustomerFeedback";
			};
			name = Release;
		};
		03D54E0E2090580400C6C332 /* Debug */ = {
			isa = XCBuildConfiguration;
			baseConfigurationReference = DB7E624924944EA0BC519451 /* Pods-Mobisem-CustomerFeedbackUITests.debug.xcconfig */;
			buildSettings = {
				ALWAYS_EMBED_SWIFT_STANDARD_LIBRARIES = YES;
				CODE_SIGN_STYLE = Automatic;
				INFOPLIST_FILE = "Mobisem-CustomerFeedbackUITests/Info.plist";
				LD_RUNPATH_SEARCH_PATHS = (
					"$(inherited)",
					"@executable_path/Frameworks",
					"@loader_path/Frameworks",
				);
				PRODUCT_BUNDLE_IDENTIFIER = "Mobisem.Mobisem-CustomerFeedbackUITests";
				PRODUCT_NAME = "$(TARGET_NAME)";
				SWIFT_VERSION = 4.0;
				TARGETED_DEVICE_FAMILY = "1,2";
				TEST_TARGET_NAME = "Mobisem-CustomerFeedback";
			};
			name = Debug;
		};
		03D54E0F2090580400C6C332 /* Release */ = {
			isa = XCBuildConfiguration;
			baseConfigurationReference = BE5302B56A64E7067CF3B2B2 /* Pods-Mobisem-CustomerFeedbackUITests.release.xcconfig */;
			buildSettings = {
				ALWAYS_EMBED_SWIFT_STANDARD_LIBRARIES = YES;
				CODE_SIGN_STYLE = Automatic;
				INFOPLIST_FILE = "Mobisem-CustomerFeedbackUITests/Info.plist";
				LD_RUNPATH_SEARCH_PATHS = (
					"$(inherited)",
					"@executable_path/Frameworks",
					"@loader_path/Frameworks",
				);
				PRODUCT_BUNDLE_IDENTIFIER = "Mobisem.Mobisem-CustomerFeedbackUITests";
				PRODUCT_NAME = "$(TARGET_NAME)";
				SWIFT_VERSION = 4.0;
				TARGETED_DEVICE_FAMILY = "1,2";
				TEST_TARGET_NAME = "Mobisem-CustomerFeedback";
			};
			name = Release;
		};
/* End XCBuildConfiguration section */

/* Begin XCConfigurationList section */
		03D54DDA2090580100C6C332 /* Build configuration list for PBXProject "Mobisem-CustomerFeedback" */ = {
			isa = XCConfigurationList;
			buildConfigurations = (
				03D54E052090580400C6C332 /* Debug */,
				03D54E062090580400C6C332 /* Release */,
			);
			defaultConfigurationIsVisible = 0;
			defaultConfigurationName = Release;
		};
		03D54E072090580400C6C332 /* Build configuration list for PBXNativeTarget "Mobisem-CustomerFeedback" */ = {
			isa = XCConfigurationList;
			buildConfigurations = (
				03D54E082090580400C6C332 /* Debug */,
				03D54E092090580400C6C332 /* Release */,
			);
			defaultConfigurationIsVisible = 0;
			defaultConfigurationName = Release;
		};
		03D54E0A2090580400C6C332 /* Build configuration list for PBXNativeTarget "Mobisem-CustomerFeedbackTests" */ = {
			isa = XCConfigurationList;
			buildConfigurations = (
				03D54E0B2090580400C6C332 /* Debug */,
				03D54E0C2090580400C6C332 /* Release */,
			);
			defaultConfigurationIsVisible = 0;
			defaultConfigurationName = Release;
		};
		03D54E0D2090580400C6C332 /* Build configuration list for PBXNativeTarget "Mobisem-CustomerFeedbackUITests" */ = {
			isa = XCConfigurationList;
			buildConfigurations = (
				03D54E0E2090580400C6C332 /* Debug */,
				03D54E0F2090580400C6C332 /* Release */,
			);
			defaultConfigurationIsVisible = 0;
			defaultConfigurationName = Release;
		};
/* End XCConfigurationList section */
	};
	rootObject = 03D54DD72090580100C6C332 /* Project object */;
}
